// !$*UTF8*$!
{
	archiveVersion = 1;
	classes = {
	};
	objectVersion = 46;
	objects = {

/* Begin PBXBuildFile section */
		7DBE0C661CFDC5F300518FEA /* AppDelegate.swift in Sources */ = {isa = PBXBuildFile; fileRef = 7DBE0C651CFDC5F300518FEA /* AppDelegate.swift */; };
		7DBE0C681CFDC5F300518FEA /* ViewController.swift in Sources */ = {isa = PBXBuildFile; fileRef = 7DBE0C671CFDC5F300518FEA /* ViewController.swift */; };
		7DBE0C6B1CFDC5F300518FEA /* Main.storyboard in Resources */ = {isa = PBXBuildFile; fileRef = 7DBE0C691CFDC5F300518FEA /* Main.storyboard */; };
		7DBE0C6E1CFDC5F300518FEA /* SwiftTableView.xcdatamodeld in Sources */ = {isa = PBXBuildFile; fileRef = 7DBE0C6C1CFDC5F300518FEA /* SwiftTableView.xcdatamodeld */; };
		7DBE0C701CFDC5F300518FEA /* Assets.xcassets in Resources */ = {isa = PBXBuildFile; fileRef = 7DBE0C6F1CFDC5F300518FEA /* Assets.xcassets */; };
		7DBE0C731CFDC5F300518FEA /* LaunchScreen.storyboard in Resources */ = {isa = PBXBuildFile; fileRef = 7DBE0C711CFDC5F300518FEA /* LaunchScreen.storyboard */; };
		7DBE0C7E1CFDC5F400518FEA /* SwiftTableViewTests.swift in Sources */ = {isa = PBXBuildFile; fileRef = 7DBE0C7D1CFDC5F400518FEA /* SwiftTableViewTests.swift */; };
		7DBE0C891CFDC5F400518FEA /* SwiftTableViewUITests.swift in Sources */ = {isa = PBXBuildFile; fileRef = 7DBE0C881CFDC5F400518FEA /* SwiftTableViewUITests.swift */; };
/* End PBXBuildFile section */

/* Begin PBXContainerItemProxy section */
		7DBE0C7A1CFDC5F400518FEA /* PBXContainerItemProxy */ = {
			isa = PBXContainerItemProxy;
			containerPortal = 7DBE0C5A1CFDC5F300518FEA /* Project object */;
			proxyType = 1;
			remoteGlobalIDString = 7DBE0C611CFDC5F300518FEA;
			remoteInfo = SwiftTableView;
		};
		7DBE0C851CFDC5F400518FEA /* PBXContainerItemProxy */ = {
			isa = PBXContainerItemProxy;
			containerPortal = 7DBE0C5A1CFDC5F300518FEA /* Project object */;
			proxyType = 1;
			remoteGlobalIDString = 7DBE0C611CFDC5F300518FEA;
			remoteInfo = SwiftTableView;
		};
/* End PBXContainerItemProxy section */

/* Begin PBXFileReference section */
		7DBE0C621CFDC5F300518FEA /* SwiftTableView.app */ = {isa = PBXFileReference; explicitFileType = wrapper.application; includeInIndex = 0; path = SwiftTableView.app; sourceTree = BUILT_PRODUCTS_DIR; };
		7DBE0C651CFDC5F300518FEA /* AppDelegate.swift */ = {isa = PBXFileReference; lastKnownFileType = sourcecode.swift; path = AppDelegate.swift; sourceTree = "<group>"; };
		7DBE0C671CFDC5F300518FEA /* ViewController.swift */ = {isa = PBXFileReference; lastKnownFileType = sourcecode.swift; path = ViewController.swift; sourceTree = "<group>"; };
		7DBE0C6A1CFDC5F300518FEA /* Base */ = {isa = PBXFileReference; lastKnownFileType = file.storyboard; name = Base; path = Base.lproj/Main.storyboard; sourceTree = "<group>"; };
		7DBE0C6D1CFDC5F300518FEA /* SwiftTableView.xcdatamodel */ = {isa = PBXFileReference; lastKnownFileType = wrapper.xcdatamodel; path = SwiftTableView.xcdatamodel; sourceTree = "<group>"; };
		7DBE0C6F1CFDC5F300518FEA /* Assets.xcassets */ = {isa = PBXFileReference; lastKnownFileType = folder.assetcatalog; path = Assets.xcassets; sourceTree = "<group>"; };
		7DBE0C721CFDC5F300518FEA /* Base */ = {isa = PBXFileReference; lastKnownFileType = file.storyboard; name = Base; path = Base.lproj/LaunchScreen.storyboard; sourceTree = "<group>"; };
		7DBE0C741CFDC5F300518FEA /* Info.plist */ = {isa = PBXFileReference; lastKnownFileType = text.plist.xml; path = Info.plist; sourceTree = "<group>"; };
		7DBE0C791CFDC5F400518FEA /* SwiftTableViewTests.xctest */ = {isa = PBXFileReference; explicitFileType = wrapper.cfbundle; includeInIndex = 0; path = SwiftTableViewTests.xctest; sourceTree = BUILT_PRODUCTS_DIR; };
		7DBE0C7D1CFDC5F400518FEA /* SwiftTableViewTests.swift */ = {isa = PBXFileReference; lastKnownFileType = sourcecode.swift; path = SwiftTableViewTests.swift; sourceTree = "<group>"; };
		7DBE0C7F1CFDC5F400518FEA /* Info.plist */ = {isa = PBXFileReference; lastKnownFileType = text.plist.xml; path = Info.plist; sourceTree = "<group>"; };
		7DBE0C841CFDC5F400518FEA /* SwiftTableViewUITests.xctest */ = {isa = PBXFileReference; explicitFileType = wrapper.cfbundle; includeInIndex = 0; path = SwiftTableViewUITests.xctest; sourceTree = BUILT_PRODUCTS_DIR; };
		7DBE0C881CFDC5F400518FEA /* SwiftTableViewUITests.swift */ = {isa = PBXFileReference; lastKnownFileType = sourcecode.swift; path = SwiftTableViewUITests.swift; sourceTree = "<group>"; };
		7DBE0C8A1CFDC5F400518FEA /* Info.plist */ = {isa = PBXFileReference; lastKnownFileType = text.plist.xml; path = Info.plist; sourceTree = "<group>"; };
/* End PBXFileReference section */

/* Begin PBXFrameworksBuildPhase section */
		7DBE0C5F1CFDC5F300518FEA /* Frameworks */ = {
			isa = PBXFrameworksBuildPhase;
			buildActionMask = 2147483647;
			files = (
			);
			runOnlyForDeploymentPostprocessing = 0;
		};
		7DBE0C761CFDC5F400518FEA /* Frameworks */ = {
			isa = PBXFrameworksBuildPhase;
			buildActionMask = 2147483647;
			files = (
			);
			runOnlyForDeploymentPostprocessing = 0;
		};
		7DBE0C811CFDC5F400518FEA /* Frameworks */ = {
			isa = PBXFrameworksBuildPhase;
			buildActionMask = 2147483647;
			files = (
			);
			runOnlyForDeploymentPostprocessing = 0;
		};
/* End PBXFrameworksBuildPhase section */

/* Begin PBXGroup section */
		7DBE0C591CFDC5F300518FEA = {
			isa = PBXGroup;
			children = (
				7DBE0C641CFDC5F300518FEA /* SwiftTableView */,
				7DBE0C7C1CFDC5F400518FEA /* SwiftTableViewTests */,
				7DBE0C871CFDC5F400518FEA /* SwiftTableViewUITests */,
				7DBE0C631CFDC5F300518FEA /* Products */,
			);
			sourceTree = "<group>";
		};
		7DBE0C631CFDC5F300518FEA /* Products */ = {
			isa = PBXGroup;
			children = (
				7DBE0C621CFDC5F300518FEA /* SwiftTableView.app */,
				7DBE0C791CFDC5F400518FEA /* SwiftTableViewTests.xctest */,
				7DBE0C841CFDC5F400518FEA /* SwiftTableViewUITests.xctest */,
			);
			name = Products;
			sourceTree = "<group>";
		};
		7DBE0C641CFDC5F300518FEA /* SwiftTableView */ = {
			isa = PBXGroup;
			children = (
				7DBE0C651CFDC5F300518FEA /* AppDelegate.swift */,
				7DBE0C671CFDC5F300518FEA /* ViewController.swift */,
				7DBE0C691CFDC5F300518FEA /* Main.storyboard */,
				7DBE0C6F1CFDC5F300518FEA /* Assets.xcassets */,
				7DBE0C711CFDC5F300518FEA /* LaunchScreen.storyboard */,
				7DBE0C741CFDC5F300518FEA /* Info.plist */,
				7DBE0C6C1CFDC5F300518FEA /* SwiftTableView.xcdatamodeld */,
			);
			path = SwiftTableView;
			sourceTree = "<group>";
		};
		7DBE0C7C1CFDC5F400518FEA /* SwiftTableViewTests */ = {
			isa = PBXGroup;
			children = (
				7DBE0C7D1CFDC5F400518FEA /* SwiftTableViewTests.swift */,
				7DBE0C7F1CFDC5F400518FEA /* Info.plist */,
			);
			path = SwiftTableViewTests;
			sourceTree = "<group>";
		};
		7DBE0C871CFDC5F400518FEA /* SwiftTableViewUITests */ = {
			isa = PBXGroup;
			children = (
				7DBE0C881CFDC5F400518FEA /* SwiftTableViewUITests.swift */,
				7DBE0C8A1CFDC5F400518FEA /* Info.plist */,
			);
			path = SwiftTableViewUITests;
			sourceTree = "<group>";
		};
/* End PBXGroup section */

/* Begin PBXNativeTarget section */
		7DBE0C611CFDC5F300518FEA /* SwiftTableView */ = {
			isa = PBXNativeTarget;
			buildConfigurationList = 7DBE0C8D1CFDC5F400518FEA /* Build configuration list for PBXNativeTarget "SwiftTableView" */;
			buildPhases = (
				7DBE0C5E1CFDC5F300518FEA /* Sources */,
				7DBE0C5F1CFDC5F300518FEA /* Frameworks */,
				7DBE0C601CFDC5F300518FEA /* Resources */,
			);
			buildRules = (
			);
			dependencies = (
			);
			name = SwiftTableView;
			productName = SwiftTableView;
			productReference = 7DBE0C621CFDC5F300518FEA /* SwiftTableView.app */;
			productType = "com.apple.product-type.application";
		};
		7DBE0C781CFDC5F400518FEA /* SwiftTableViewTests */ = {
			isa = PBXNativeTarget;
			buildConfigurationList = 7DBE0C901CFDC5F400518FEA /* Build configuration list for PBXNativeTarget "SwiftTableViewTests" */;
			buildPhases = (
				7DBE0C751CFDC5F400518FEA /* Sources */,
				7DBE0C761CFDC5F400518FEA /* Frameworks */,
				7DBE0C771CFDC5F400518FEA /* Resources */,
			);
			buildRules = (
			);
			dependencies = (
				7DBE0C7B1CFDC5F400518FEA /* PBXTargetDependency */,
			);
			name = SwiftTableViewTests;
			productName = SwiftTableViewTests;
			productReference = 7DBE0C791CFDC5F400518FEA /* SwiftTableViewTests.xctest */;
			productType = "com.apple.product-type.bundle.unit-test";
		};
		7DBE0C831CFDC5F400518FEA /* SwiftTableViewUITests */ = {
			isa = PBXNativeTarget;
			buildConfigurationList = 7DBE0C931CFDC5F400518FEA /* Build configuration list for PBXNativeTarget "SwiftTableViewUITests" */;
			buildPhases = (
				7DBE0C801CFDC5F400518FEA /* Sources */,
				7DBE0C811CFDC5F400518FEA /* Frameworks */,
				7DBE0C821CFDC5F400518FEA /* Resources */,
			);
			buildRules = (
			);
			dependencies = (
				7DBE0C861CFDC5F400518FEA /* PBXTargetDependency */,
			);
			name = SwiftTableViewUITests;
			productName = SwiftTableViewUITests;
			productReference = 7DBE0C841CFDC5F400518FEA /* SwiftTableViewUITests.xctest */;
			productType = "com.apple.product-type.bundle.ui-testing";
		};
/* End PBXNativeTarget section */

/* Begin PBXProject section */
		7DBE0C5A1CFDC5F300518FEA /* Project object */ = {
			isa = PBXProject;
			attributes = {
				LastUpgradeCheck = 0700;
				ORGANIZATIONNAME = Jamil;
				TargetAttributes = {
					7DBE0C611CFDC5F300518FEA = {
						CreatedOnToolsVersion = 7.0;
					};
					7DBE0C781CFDC5F400518FEA = {
						CreatedOnToolsVersion = 7.0;
						TestTargetID = 7DBE0C611CFDC5F300518FEA;
					};
					7DBE0C831CFDC5F400518FEA = {
						CreatedOnToolsVersion = 7.0;
						TestTargetID = 7DBE0C611CFDC5F300518FEA;
					};
				};
			};
			buildConfigurationList = 7DBE0C5D1CFDC5F300518FEA /* Build configuration list for PBXProject "SwiftTableView" */;
			compatibilityVersion = "Xcode 3.2";
			developmentRegion = English;
			hasScannedForEncodings = 0;
			knownRegions = (
				en,
				Base,
			);
			mainGroup = 7DBE0C591CFDC5F300518FEA;
			productRefGroup = 7DBE0C631CFDC5F300518FEA /* Products */;
			projectDirPath = "";
			projectRoot = "";
			targets = (
				7DBE0C611CFDC5F300518FEA /* SwiftTableView */,
				7DBE0C781CFDC5F400518FEA /* SwiftTableViewTests */,
				7DBE0C831CFDC5F400518FEA /* SwiftTableViewUITests */,
			);
		};
/* End PBXProject section */

/* Begin PBXResourcesBuildPhase section */
		7DBE0C601CFDC5F300518FEA /* Resources */ = {
			isa = PBXResourcesBuildPhase;
			buildActionMask = 2147483647;
			files = (
				7DBE0C731CFDC5F300518FEA /* LaunchScreen.storyboard in Resources */,
				7DBE0C701CFDC5F300518FEA /* Assets.xcassets in Resources */,
				7DBE0C6B1CFDC5F300518FEA /* Main.storyboard in Resources */,
			);
			runOnlyForDeploymentPostprocessing = 0;
		};
		7DBE0C771CFDC5F400518FEA /* Resources */ = {
			isa = PBXResourcesBuildPhase;
			buildActionMask = 2147483647;
			files = (
			);
			runOnlyForDeploymentPostprocessing = 0;
		};
		7DBE0C821CFDC5F400518FEA /* Resources */ = {
			isa = PBXResourcesBuildPhase;
			buildActionMask = 2147483647;
			files = (
			);
			runOnlyForDeploymentPostprocessing = 0;
		};
/* End PBXResourcesBuildPhase section */

/* Begin PBXSourcesBuildPhase section */
		7DBE0C5E1CFDC5F300518FEA /* Sources */ = {
			isa = PBXSourcesBuildPhase;
			buildActionMask = 2147483647;
			files = (
				7DBE0C681CFDC5F300518FEA /* ViewController.swift in Sources */,
				7DBE0C6E1CFDC5F300518FEA /* SwiftTableView.xcdatamodeld in Sources */,
				7DBE0C661CFDC5F300518FEA /* AppDelegate.swift in Sources */,
			);
			runOnlyForDeploymentPostprocessing = 0;
		};
		7DBE0C751CFDC5F400518FEA /* Sources */ = {
			isa = PBXSourcesBuildPhase;
			buildActionMask = 2147483647;
			files = (
				7DBE0C7E1CFDC5F400518FEA /* SwiftTableViewTests.swift in Sources */,
			);
			runOnlyForDeploymentPostprocessing = 0;
		};
		7DBE0C801CFDC5F400518FEA /* Sources */ = {
			isa = PBXSourcesBuildPhase;
			buildActionMask = 2147483647;
			files = (
				7DBE0C891CFDC5F400518FEA /* SwiftTableViewUITests.swift in Sources */,
			);
			runOnlyForDeploymentPostprocessing = 0;
		};
/* End PBXSourcesBuildPhase section */

/* Begin PBXTargetDependency section */
		7DBE0C7B1CFDC5F400518FEA /* PBXTargetDependency */ = {
			isa = PBXTargetDependency;
			target = 7DBE0C611CFDC5F300518FEA /* SwiftTableView */;
			targetProxy = 7DBE0C7A1CFDC5F400518FEA /* PBXContainerItemProxy */;
		};
		7DBE0C861CFDC5F400518FEA /* PBXTargetDependency */ = {
			isa = PBXTargetDependency;
			target = 7DBE0C611CFDC5F300518FEA /* SwiftTableView */;
			targetProxy = 7DBE0C851CFDC5F400518FEA /* PBXContainerItemProxy */;
		};
/* End PBXTargetDependency section */

/* Begin PBXVariantGroup section */
		7DBE0C691CFDC5F300518FEA /* Main.storyboard */ = {
			isa = PBXVariantGroup;
			children = (
				7DBE0C6A1CFDC5F300518FEA /* Base */,
			);
			name = Main.storyboard;
			sourceTree = "<group>";
		};
		7DBE0C711CFDC5F300518FEA /* LaunchScreen.storyboard */ = {
			isa = PBXVariantGroup;
			children = (
				7DBE0C721CFDC5F300518FEA /* Base */,
			);
			name = LaunchScreen.storyboard;
			sourceTree = "<group>";
		};
/* End PBXVariantGroup section */

/* Begin XCBuildConfiguration section */
		7DBE0C8B1CFDC5F400518FEA /* Debug */ = {
			isa = XCBuildConfiguration;
			buildSettings = {
				ALWAYS_SEARCH_USER_PATHS = NO;
				CLANG_CXX_LANGUAGE_STANDARD = "gnu++0x";
				CLANG_CXX_LIBRARY = "libc++";
				CLANG_ENABLE_MODULES = YES;
				CLANG_ENABLE_OBJC_ARC = YES;
				CLANG_WARN_BOOL_CONVERSION = YES;
				CLANG_WARN_CONSTANT_CONVERSION = YES;
				CLANG_WARN_DIRECT_OBJC_ISA_USAGE = YES_ERROR;
				CLANG_WARN_EMPTY_BODY = YES;
				CLANG_WARN_ENUM_CONVERSION = YES;
				CLANG_WARN_INT_CONVERSION = YES;
				CLANG_WARN_OBJC_ROOT_CLASS = YES_ERROR;
				CLANG_WARN_UNREACHABLE_CODE = YES;
				CLANG_WARN__DUPLICATE_METHOD_MATCH = YES;
				"CODE_SIGN_IDENTITY[sdk=iphoneos*]" = "iPhone Developer";
				COPY_PHASE_STRIP = NO;
				DEBUG_INFORMATION_FORMAT = dwarf;
				ENABLE_STRICT_OBJC_MSGSEND = YES;
				ENABLE_TESTABILITY = YES;
				GCC_C_LANGUAGE_STANDARD = gnu99;
				GCC_DYNAMIC_NO_PIC = NO;
				GCC_NO_COMMON_BLOCKS = YES;
				GCC_OPTIMIZATION_LEVEL = 0;
				GCC_PREPROCESSOR_DEFINITIONS = (
					"DEBUG=1",
					"$(inherited)",
				);
				GCC_WARN_64_TO_32_BIT_CONVERSION = YES;
				GCC_WARN_ABOUT_RETURN_TYPE = YES_ERROR;
				GCC_WARN_UNDECLARED_SELECTOR = YES;
				GCC_WARN_UNINITIALIZED_AUTOS = YES_AGGRESSIVE;
				GCC_WARN_UNUSED_FUNCTION = YES;
				GCC_WARN_UNUSED_VARIABLE = YES;
				IPHONEOS_DEPLOYMENT_TARGET = 9.0;
				MTL_ENABLE_DEBUG_INFO = YES;
				ONLY_ACTIVE_ARCH = YES;
				SDKROOT = iphoneos;
				SWIFT_OPTIMIZATION_LEVEL = "-Onone";
				TARGETED_DEVICE_FAMILY = "1,2";
			};
			name = Debug;
		};
		7DBE0C8C1CFDC5F400518FEA /* Release */ = {
			isa = XCBuildConfiguration;
			buildSettings = {
				ALWAYS_SEARCH_USER_PATHS = NO;
				CLANG_CXX_LANGUAGE_STANDARD = "gnu++0x";
				CLANG_CXX_LIBRARY = "libc++";
				CLANG_ENABLE_MODULES = YES;
				CLANG_ENABLE_OBJC_ARC = YES;
				CLANG_WARN_BOOL_CONVERSION = YES;
				CLANG_WARN_CONSTANT_CONVERSION = YES;
				CLANG_WARN_DIRECT_OBJC_ISA_USAGE = YES_ERROR;
				CLANG_WARN_EMPTY_BODY = YES;
				CLANG_WARN_ENUM_CONVERSION = YES;
				CLANG_WARN_INT_CONVERSION = YES;
				CLANG_WARN_OBJC_ROOT_CLASS = YES_ERROR;
				CLANG_WARN_UNREACHABLE_CODE = YES;
				CLANG_WARN__DUPLICATE_METHOD_MATCH = YES;
				"CODE_SIGN_IDENTITY[sdk=iphoneos*]" = "iPhone Developer";
				COPY_PHASE_STRIP = NO;
				DEBUG_INFORMATION_FORMAT = "dwarf-with-dsym";
				ENABLE_NS_ASSERTIONS = NO;
				ENABLE_STRICT_OBJC_MSGSEND = YES;
				GCC_C_LANGUAGE_STANDARD = gnu99;
				GCC_NO_COMMON_BLOCKS = YES;
				GCC_WARN_64_TO_32_BIT_CONVERSION = YES;
				GCC_WARN_ABOUT_RETURN_TYPE = YES_ERROR;
				GCC_WARN_UNDECLARED_SELECTOR = YES;
				GCC_WARN_UNINITIALIZED_AUTOS = YES_AGGRESSIVE;
				GCC_WARN_UNUSED_FUNCTION = YES;
				GCC_WARN_UNUSED_VARIABLE = YES;
				IPHONEOS_DEPLOYMENT_TARGET = 9.0;
				MTL_ENABLE_DEBUG_INFO = NO;
				SDKROOT = iphoneos;
				TARGETED_DEVICE_FAMILY = "1,2";
				VALIDATE_PRODUCT = YES;
			};
			name = Release;
		};
		7DBE0C8E1CFDC5F400518FEA /* Debug */ = {
			isa = XCBuildConfiguration;
			buildSettings = {
				ASSETCATALOG_COMPILER_APPICON_NAME = AppIcon;
				INFOPLIST_FILE = SwiftTableView/Info.plist;
				LD_RUNPATH_SEARCH_PATHS = "$(inherited) @executable_path/Frameworks";
				PRODUCT_BUNDLE_IDENTIFIER = com.novus.SwiftTableView;
				PRODUCT_NAME = "$(TARGET_NAME)";
			};
			name = Debug;
		};
		7DBE0C8F1CFDC5F400518FEA /* Release */ = {
			isa = XCBuildConfiguration;
			buildSettings = {
				ASSETCATALOG_COMPILER_APPICON_NAME = AppIcon;
				INFOPLIST_FILE = SwiftTableView/Info.plist;
				LD_RUNPATH_SEARCH_PATHS = "$(inherited) @executable_path/Frameworks";
				PRODUCT_BUNDLE_IDENTIFIER = com.novus.SwiftTableView;
				PRODUCT_NAME = "$(TARGET_NAME)";
			};
			name = Release;
		};
		7DBE0C911CFDC5F400518FEA /* Debug */ = {
			isa = XCBuildConfiguration;
			buildSettings = {
				BUNDLE_LOADER = "$(TEST_HOST)";
				INFOPLIST_FILE = SwiftTableViewTests/Info.plist;
				LD_RUNPATH_SEARCH_PATHS = "$(inherited) @executable_path/Frameworks @loader_path/Frameworks";
				PRODUCT_BUNDLE_IDENTIFIER = com.novus.SwiftTableViewTests;
				PRODUCT_NAME = "$(TARGET_NAME)";
				TEST_HOST = "$(BUILT_PRODUCTS_DIR)/SwiftTableView.app/SwiftTableView";
			};
			name = Debug;
		};
		7DBE0C921CFDC5F400518FEA /* Release */ = {
			isa = XCBuildConfiguration;
			buildSettings = {
				BUNDLE_LOADER = "$(TEST_HOST)";
				INFOPLIST_FILE = SwiftTableViewTests/Info.plist;
				LD_RUNPATH_SEARCH_PATHS = "$(inherited) @executable_path/Frameworks @loader_path/Frameworks";
				PRODUCT_BUNDLE_IDENTIFIER = com.novus.SwiftTableViewTests;
				PRODUCT_NAME = "$(TARGET_NAME)";
				TEST_HOST = "$(BUILT_PRODUCTS_DIR)/SwiftTableView.app/SwiftTableView";
			};
			name = Release;
		};
		7DBE0C941CFDC5F400518FEA /* Debug */ = {
			isa = XCBuildConfiguration;
			buildSettings = {
				INFOPLIST_FILE = SwiftTableViewUITests/Info.plist;
				LD_RUNPATH_SEARCH_PATHS = "$(inherited) @executable_path/Frameworks @loader_path/Frameworks";
				PRODUCT_BUNDLE_IDENTIFIER = com.novus.SwiftTableViewUITests;
				PRODUCT_NAME = "$(TARGET_NAME)";
				TEST_TARGET_NAME = SwiftTableView;
				USES_XCTRUNNER = YES;
			};
			name = Debug;
		};
		7DBE0C951CFDC5F400518FEA /* Release */ = {
			isa = XCBuildConfiguration;
			buildSettings = {
				INFOPLIST_FILE = SwiftTableViewUITests/Info.plist;
				LD_RUNPATH_SEARCH_PATHS = "$(inherited) @executable_path/Frameworks @loader_path/Frameworks";
				PRODUCT_BUNDLE_IDENTIFIER = com.novus.SwiftTableViewUITests;
				PRODUCT_NAME = "$(TARGET_NAME)";
				TEST_TARGET_NAME = SwiftTableView;
				USES_XCTRUNNER = YES;
			};
			name = Release;
		};
/* End XCBuildConfiguration section */

/* Begin XCConfigurationList section */
		7DBE0C5D1CFDC5F300518FEA /* Build configuration list for PBXProject "SwiftTableView" */ = {
			isa = XCConfigurationList;
			buildConfigurations = (
				7DBE0C8B1CFDC5F400518FEA /* Debug */,
				7DBE0C8C1CFDC5F400518FEA /* Release */,
			);
			defaultConfigurationIsVisible = 0;
			defaultConfigurationName = Release;
		};
		7DBE0C8D1CFDC5F400518FEA /* Build configuration list for PBXNativeTarget "SwiftTableView" */ = {
			isa = XCConfigurationList;
			buildConfigurations = (
				7DBE0C8E1CFDC5F400518FEA /* Debug */,
				7DBE0C8F1CFDC5F400518FEA /* Release */,
			);
			defaultConfigurationIsVisible = 0;
		};
		7DBE0C901CFDC5F400518FEA /* Build configuration list for PBXNativeTarget "SwiftTableViewTests" */ = {
			isa = XCConfigurationList;
			buildConfigurations = (
				7DBE0C911CFDC5F400518FEA /* Debug */,
				7DBE0C921CFDC5F400518FEA /* Release */,
			);
			defaultConfigurationIsVisible = 0;
		};
		7DBE0C931CFDC5F400518FEA /* Build configuration list for PBXNativeTarget "SwiftTableViewUITests" */ = {
			isa = XCConfigurationList;
			buildConfigurations = (
				7DBE0C941CFDC5F400518FEA /* Debug */,
				7DBE0C951CFDC5F400518FEA /* Release */,
			);
			defaultConfigurationIsVisible = 0;
		};
/* End XCConfigurationList section */

/* Begin XCVersionGroup section */
		7DBE0C6C1CFDC5F300518FEA /* SwiftTableView.xcdatamodeld */ = {
			isa = XCVersionGroup;
			children = (
				7DBE0C6D1CFDC5F300518FEA /* SwiftTableView.xcdatamodel */,
			);
			currentVersion = 7DBE0C6D1CFDC5F300518FEA /* SwiftTableView.xcdatamodel */;
			path = SwiftTableView.xcdatamodeld;
			sourceTree = "<group>";
			versionGroupType = wrapper.xcdatamodel;
		};
/* End XCVersionGroup section */
	};
	rootObject = 7DBE0C5A1CFDC5F300518FEA /* Project object */;
}
